
Microsoft Visual Studio Solution File, Format Version 12.00
# Visual Studio Version 16
VisualStudioVersion = 16.0.809.8
MinimumVisualStudioVersion = 10.0.40219.1
Project("{FAE04EC0-301F-11D3-BF4B-00C04F79EFBC}") = "App.Domain", "App.Domain\App.Domain.csproj", "{39C4F47A-5E74-4790-9689-9A8F3821844E}"
EndProject
Project("{FAE04EC0-301F-11D3-BF4B-00C04F79EFBC}") = "App.Data", "App.Data\App.Data.csproj", "{97A297B5-A8CF-498F-9CD7-0C79D5F7FE5C}"
EndProject
Project("{FAE04EC0-301F-11D3-BF4B-00C04F79EFBC}") = "App.Form", "App.Form\App.Form.csproj", "{DD08D232-4231-4ABF-BCE1-3CC468AA277B}"
EndProject
Project("{FAE04EC0-301F-11D3-BF4B-00C04F79EFBC}") = "App.Service", "App.Service\App.Service.csproj", "{DB8EE799-42BE-417D-A6A1-16D28CEA251A}"
EndProject
Global
	GlobalSection(SolutionConfigurationPlatforms) = preSolution
		Debug|Any CPU = Debug|Any CPU
		Release|Any CPU = Release|Any CPU
	EndGlobalSection
	GlobalSection(ProjectConfigurationPlatforms) = postSolution
		{39C4F47A-5E74-4790-9689-9A8F3821844E}.Debug|Any CPU.ActiveCfg = Debug|Any CPU
		{39C4F47A-5E74-4790-9689-9A8F3821844E}.Debug|Any CPU.Build.0 = Debug|Any CPU
		{39C4F47A-5E74-4790-9689-9A8F3821844E}.Release|Any CPU.ActiveCfg = Release|Any CPU
		{39C4F47A-5E74-4790-9689-9A8F3821844E}.Release|Any CPU.Build.0 = Release|Any CPU
		{97A297B5-A8CF-498F-9CD7-0C79D5F7FE5C}.Debug|Any CPU.ActiveCfg = Debug|Any CPU
		{97A297B5-A8CF-498F-9CD7-0C79D5F7FE5C}.Debug|Any CPU.Build.0 = Debug|Any CPU
		{97A297B5-A8CF-498F-9CD7-0C79D5F7FE5C}.Release|Any CPU.ActiveCfg = Release|Any CPU
		{97A297B5-A8CF-498F-9CD7-0C79D5F7FE5C}.Release|Any CPU.Build.0 = Release|Any CPU
		{DD08D232-4231-4ABF-BCE1-3CC468AA277B}.Debug|Any CPU.ActiveCfg = Debug|Any CPU
		{DD08D232-4231-4ABF-BCE1-3CC468AA277B}.Debug|Any CPU.Build.0 = Debug|Any CPU
		{DD08D232-4231-4ABF-BCE1-3CC468AA277B}.Release|Any CPU.ActiveCfg = Release|Any CPU
		{DD08D232-4231-4ABF-BCE1-3CC468AA277B}.Release|Any CPU.Build.0 = Release|Any CPU
		{DB8EE799-42BE-417D-A6A1-16D28CEA251A}.Debug|Any CPU.ActiveCfg = Debug|Any CPU
		{DB8EE799-42BE-417D-A6A1-16D28CEA251A}.Debug|Any CPU.Build.0 = Debug|Any CPU
		{DB8EE799-42BE-417D-A6A1-16D28CEA251A}.Release|Any CPU.ActiveCfg = Release|Any CPU
		{DB8EE799-42BE-417D-A6A1-16D28CEA251A}.Release|Any CPU.Build.0 = Release|Any CPU
	EndGlobalSection
	GlobalSection(SolutionProperties) = preSolution
		HideSolutionNode = FALSE
	EndGlobalSection
	GlobalSection(ExtensibilityGlobals) = postSolution
		SolutionGuid = {40D944B7-A34D-46D2-8E15-0B307E3F4562}
	EndGlobalSection
	GlobalSection(MonoDevelopProperties) = preSolution
		Policies = $0
		$0.DotNetNamingPolicy = $1
		$1.DirectoryNamespaceAssociation = PrefixedHierarchical
		$0.VersionControlPolicy = $2
	EndGlobalSection
EndGlobal
